
Microsoft Visual Studio Solution File, Format Version 12.00
# Visual Studio Version 17
VisualStudioVersion = 17.5.002.0
MinimumVisualStudioVersion = 10.0.40219.1
Project("{9A19103F-16F7-4668-BE54-9A1E7A4F7556}") = "MauiApp2", "MauiApp2.csproj", "{93F1E4C9-DBF1-484C-91A6-BA13444EBE49}"
EndProject
Global
	GlobalSection(SolutionConfigurationPlatforms) = preSolution
		Debug|Any CPU = Debug|Any CPU
		Release|Any CPU = Release|Any CPU
	EndGlobalSection
	GlobalSection(ProjectConfigurationPlatforms) = postSolution
		{93F1E4C9-DBF1-484C-91A6-BA13444EBE49}.Debug|Any CPU.ActiveCfg = Debug|Any CPU
		{93F1E4C9-DBF1-484C-91A6-BA13444EBE49}.Debug|Any CPU.Build.0 = Debug|Any CPU
		{93F1E4C9-DBF1-484C-91A6-BA13444EBE49}.Release|Any CPU.ActiveCfg = Release|Any CPU
		{93F1E4C9-DBF1-484C-91A6-BA13444EBE49}.Release|Any CPU.Build.0 = Release|Any CPU
	EndGlobalSection
	GlobalSection(SolutionProperties) = preSolution
		HideSolutionNode = FALSE
	EndGlobalSection
	GlobalSection(ExtensibilityGlobals) = postSolution
		SolutionGuid = {020B2BEF-1973-4401-B987-0D230897519F}
	EndGlobalSection
EndGlobal
